
Microsoft Visual Studio Solution File, Format Version 9.00
# Visual C++ Express 2005
Project("{8BC9CEB8-8B4A-11D0-8D11-00A0C91BC942}") = "IPC", "IPC.vcproj", "{672AA82A-542E-4D4F-A7F4-5792E0F26FF6}"
EndProject
Global
	GlobalSection(SolutionConfigurationPlatforms) = preSolution
		Debug|Win32 = Debug|Win32
		Release|Win32 = Release|Win32
	EndGlobalSection
	GlobalSection(ProjectConfigurationPlatforms) = postSolution
		{672AA82A-542E-4D4F-A7F4-5792E0F26FF6}.Debug|Win32.ActiveCfg = Debug|Win32
		{672AA82A-542E-4D4F-A7F4-5792E0F26FF6}.Debug|Win32.Build.0 = Debug|Win32
		{672AA82A-542E-4D4F-A7F4-5792E0F26FF6}.Release|Win32.ActiveCfg = Release|Win32
		{672AA82A-542E-4D4F-A7F4-5792E0F26FF6}.Release|Win32.Build.0 = Release|Win32
	EndGlobalSection
	GlobalSection(SolutionProperties) = preSolution
		HideSolutionNode = FALSE
	EndGlobalSection
EndGlobal
